
Microsoft Visual Studio Solution File, Format Version 12.00
# Visual Studio 2015
Project("{FAE04EC0-301F-11D3-BF4B-00C04F79EFBC}") = "EnergySim.CSharp.Plugins", "EnergySim.CSharp.Plugins.csproj", "{149314DB-67BE-2A80-A262-5F623D5644D7}"
EndProject
Project("{FAE04EC0-301F-11D3-BF4B-00C04F79EFBC}") = "EnergySim.CSharp", "EnergySim.CSharp.csproj", "{54D2D99D-2641-0467-C0C0-1914B1FA80FE}"
EndProject
Project("{FAE04EC0-301F-11D3-BF4B-00C04F79EFBC}") = "EnergySim.CSharp.Editor", "EnergySim.CSharp.Editor.csproj", "{F470F987-3D3B-03C0-1A44-E9C5DD5C2FD9}"
EndProject
Global
	GlobalSection(SolutionConfigurationPlatforms) = preSolution
		Debug|Any CPU = Debug|Any CPU
		Release|Any CPU = Release|Any CPU
	EndGlobalSection
	GlobalSection(ProjectConfigurationPlatforms) = postSolution
		{149314DB-67BE-2A80-A262-5F623D5644D7}.Debug|Any CPU.ActiveCfg = Debug|Any CPU
		{149314DB-67BE-2A80-A262-5F623D5644D7}.Debug|Any CPU.Build.0 = Debug|Any CPU
		{149314DB-67BE-2A80-A262-5F623D5644D7}.Release|Any CPU.ActiveCfg = Release|Any CPU
		{149314DB-67BE-2A80-A262-5F623D5644D7}.Release|Any CPU.Build.0 = Release|Any CPU
		{54D2D99D-2641-0467-C0C0-1914B1FA80FE}.Debug|Any CPU.ActiveCfg = Debug|Any CPU
		{54D2D99D-2641-0467-C0C0-1914B1FA80FE}.Debug|Any CPU.Build.0 = Debug|Any CPU
		{54D2D99D-2641-0467-C0C0-1914B1FA80FE}.Release|Any CPU.ActiveCfg = Release|Any CPU
		{54D2D99D-2641-0467-C0C0-1914B1FA80FE}.Release|Any CPU.Build.0 = Release|Any CPU
		{F470F987-3D3B-03C0-1A44-E9C5DD5C2FD9}.Debug|Any CPU.ActiveCfg = Debug|Any CPU
		{F470F987-3D3B-03C0-1A44-E9C5DD5C2FD9}.Debug|Any CPU.Build.0 = Debug|Any CPU
		{F470F987-3D3B-03C0-1A44-E9C5DD5C2FD9}.Release|Any CPU.ActiveCfg = Release|Any CPU
		{F470F987-3D3B-03C0-1A44-E9C5DD5C2FD9}.Release|Any CPU.Build.0 = Release|Any CPU
	EndGlobalSection
	GlobalSection(SolutionProperties) = preSolution
		HideSolutionNode = FALSE
	EndGlobalSection
EndGlobal
